
Microsoft Visual Studio Solution File, Format Version 12.00
# Visual Studio Version 17
VisualStudioVersion = 17.5.33627.172
MinimumVisualStudioVersion = 10.0.40219.1
Project("{FAE04EC0-301F-11D3-BF4B-00C04F79EFBC}") = "WebApplication3LearningBusinessObjects", "WebApplication3LearningBusinessObjects.csproj", "{81CCD66F-D962-4071-BA6E-7A647194ED62}"
EndProject
Project("{FAE04EC0-301F-11D3-BF4B-00C04F79EFBC}") = "BusinessLayer", "..\BusinessLayer\BusinessLayer.csproj", "{B7DDBB03-9717-4924-A879-B2FAB75EB453}"
EndProject
Global
	GlobalSection(SolutionConfigurationPlatforms) = preSolution
		Debug|Any CPU = Debug|Any CPU
		Release|Any CPU = Release|Any CPU
	EndGlobalSection
	GlobalSection(ProjectConfigurationPlatforms) = postSolution
		{81CCD66F-D962-4071-BA6E-7A647194ED62}.Debug|Any CPU.ActiveCfg = Debug|Any CPU
		{81CCD66F-D962-4071-BA6E-7A647194ED62}.Debug|Any CPU.Build.0 = Debug|Any CPU
		{81CCD66F-D962-4071-BA6E-7A647194ED62}.Release|Any CPU.ActiveCfg = Release|Any CPU
		{81CCD66F-D962-4071-BA6E-7A647194ED62}.Release|Any CPU.Build.0 = Release|Any CPU
		{B7DDBB03-9717-4924-A879-B2FAB75EB453}.Debug|Any CPU.ActiveCfg = Debug|Any CPU
		{B7DDBB03-9717-4924-A879-B2FAB75EB453}.Debug|Any CPU.Build.0 = Debug|Any CPU
		{B7DDBB03-9717-4924-A879-B2FAB75EB453}.Release|Any CPU.ActiveCfg = Release|Any CPU
		{B7DDBB03-9717-4924-A879-B2FAB75EB453}.Release|Any CPU.Build.0 = Release|Any CPU
	EndGlobalSection
	GlobalSection(SolutionProperties) = preSolution
		HideSolutionNode = FALSE
	EndGlobalSection
	GlobalSection(ExtensibilityGlobals) = postSolution
		SolutionGuid = {63CEFAAA-26EF-4A50-B3A2-6193348C86F1}
	EndGlobalSection
EndGlobal
